{
    "_readme": [
        "This file locks the dependencies of your project to a known state",
        "Read more about it at https://getcomposer.org/doc/01-basic-usage.md#composer-lock-the-lock-file",
        "This file is @generated automatically"
    ],
    "content-hash": "87710f9ef995c5b822125d6f6f790fd8",
    "packages": [
        {
            "name": "phoxphp/cache",
            "version": "v1.0.1",
            "source": {
                "type": "git",
                "url": "https://github.com/PhoxPHP/Cache.git",
                "reference": "1d216b038867c23687db12842258d4e729d54fa5"
            },
            "dist": {
                "type": "zip",
                "url": "https://api.github.com/repos/PhoxPHP/Cache/zipball/1d216b038867c23687db12842258d4e729d54fa5",
                "reference": "1d216b038867c23687db12842258d4e729d54fa5",
                "shasum": ""
            },
            "require": {
                "php": ">=7.0.6"
            },
            "type": "project",
            "autoload": {
                "psr-4": {
                    "Kit\\Cache\\": "src"
                }
            },
            "notification-url": "https://packagist.org/downloads/",
            "description": "PhoxPHP Cache Component",
            "keywords": [
                "PHP7",
                "cache",
                "php"
            ],
            "time": "2018-01-18T16:58:33+00:00"
        },
        {
            "name": "phoxphp/dependency-injection",
            "version": "dev-develop",
            "source": {
                "type": "git",
                "url": "https://github.com/PhoxPHP/DependencyInjection.git",
                "reference": "35817144853ebbca2a6e67ac9dbf585d89a6d612"
            },
            "dist": {
                "type": "zip",
                "url": "https://api.github.com/repos/PhoxPHP/DependencyInjection/zipball/35817144853ebbca2a6e67ac9dbf585d89a6d612",
                "reference": "35817144853ebbca2a6e67ac9dbf585d89a6d612",
                "shasum": ""
            },
            "require": {
                "php": ">=7.0.6"
            },
            "type": "project",
            "autoload": {
                "psr-4": {
                    "Kit\\DependencyInjection\\": "src"
                }
            },
            "notification-url": "https://packagist.org/downloads/",
            "description": "PhoxPHP DependencyInjection Component",
            "keywords": [
                "PHP7",
                "dependencyinjection",
                "php"
            ],
            "time": "2017-12-29 22:24:25"
        },
        {
            "name": "phoxphp/filesystem",
            "version": "v1.0.0",
            "source": {
                "type": "git",
                "url": "https://github.com/PhoxPHP/FileSystem.git",
                "reference": "06e6e84b75655f0be0feacfe282cab1490ba7409"
            },
            "dist": {
                "type": "zip",
                "url": "https://api.github.com/repos/PhoxPHP/FileSystem/zipball/06e6e84b75655f0be0feacfe282cab1490ba7409",
                "reference": "06e6e84b75655f0be0feacfe282cab1490ba7409",
                "shasum": ""
            },
            "require": {
                "php": ">=7.0.6"
            },
            "type": "library",
            "autoload": {
                "psr-4": {
                    "Kit\\FileSystem\\": "src"
                }
            },
            "notification-url": "https://packagist.org/downloads/",
            "description": "PhoxPHP Filesystem Component",
            "keywords": [
                "PHP7",
                "filesystem",
                "php"
            ],
            "time": "2018-01-18T11:20:44+00:00"
        },
        {
            "name": "phoxphp/glider",
            "version": "dev-develop",
            "source": {
                "type": "git",
                "url": "https://github.com/PhoxPHP/Glider.git",
                "reference": "2ee2da30755c64e6e2bb51950ff15ad84fa1fe85"
            },
            "dist": {
                "type": "zip",
                "url": "https://api.github.com/repos/PhoxPHP/Glider/zipball/2ee2da30755c64e6e2bb51950ff15ad84fa1fe85",
                "reference": "2ee2da30755c64e6e2bb51950ff15ad84fa1fe85",
                "shasum": ""
            },
            "require": {
                "php": ">=7.0.6"
            },
            "type": "project",
            "autoload": {
                "psr-4": {
                    "Kit\\Glider\\": "src"
                }
            },
            "notification-url": "https://packagist.org/downloads/",
            "description": "PhoxPHP Database Component",
            "keywords": [
                "PHP7",
                "database",
                "php"
            ],
            "time": "2018-01-08 08:58:57"
        },
        {
            "name": "phoxphp/http",
            "version": "dev-develop",
            "source": {
                "type": "git",
                "url": "https://github.com/PhoxPHP/Http.git",
                "reference": "823838cb691ce45b08e04d38b2754b6137a1f60f"
            },
            "dist": {
                "type": "zip",
                "url": "https://api.github.com/repos/PhoxPHP/Http/zipball/823838cb691ce45b08e04d38b2754b6137a1f60f",
                "reference": "823838cb691ce45b08e04d38b2754b6137a1f60f",
                "shasum": ""
            },
            "require": {
                "php": ">=7.0.6"
            },
            "type": "project",
            "autoload": {
                "psr-4": {
                    "Kit\\Http\\": "src"
                }
            },
            "notification-url": "https://packagist.org/downloads/",
            "description": "PhoxPHP Http Component",
            "keywords": [
                "PHP7",
                "http",
                "php"
            ],
            "time": "2017-12-30 01:01:48"
        },
        {
            "name": "phoxphp/log",
            "version": "dev-master",
            "source": {
                "type": "git",
                "url": "https://github.com/PhoxPHP/Log.git",
                "reference": "272e9c64a3bfd020f02db71898f86d7b077ecd0e"
            },
            "dist": {
                "type": "zip",
                "url": "https://api.github.com/repos/PhoxPHP/Log/zipball/272e9c64a3bfd020f02db71898f86d7b077ecd0e",
                "reference": "272e9c64a3bfd020f02db71898f86d7b077ecd0e",
                "shasum": ""
            },
            "require": {
                "phoxphp/filesystem": "~1.0.0",
                "phoxphp/prop": "~1.0.0",
                "php": ">=7.0.6"
            },
            "type": "library",
            "autoload": {
                "psr-4": {
                    "Kit\\Log\\": "src"
                }
            },
            "notification-url": "https://packagist.org/downloads/",
            "description": "PhoxPHP Log Component",
            "keywords": [
                "PHP7",
                "log",
                "php"
            ],
            "time": "2018-01-18 21:23:36"
        },
        {
            "name": "phoxphp/prop",
            "version": "v1.0.0",
            "source": {
                "type": "git",
                "url": "https://github.com/PhoxPHP/Prop.git",
                "reference": "9589eaa20acf7f00c0a910f025d59d37105ecf71"
            },
            "dist": {
                "type": "zip",
                "url": "https://api.github.com/repos/PhoxPHP/Prop/zipball/9589eaa20acf7f00c0a910f025d59d37105ecf71",
                "reference": "9589eaa20acf7f00c0a910f025d59d37105ecf71",
                "shasum": ""
            },
            "require": {
                "php": ">=7.0.6"
            },
            "type": "library",
            "autoload": {
                "psr-4": {
                    "Kit\\Prop\\": "src"
                }
            },
            "notification-url": "https://packagist.org/downloads/",
            "description": "PhoxPHP Support Packages",
            "keywords": [
                "PHP7",
                "php",
                "support"
            ],
            "time": "2018-01-17T18:38:16+00:00"
        },
        {
            "name": "phoxphp/translation",
            "version": "dev-develop",
            "source": {
                "type": "git",
                "url": "https://github.com/PhoxPHP/Translation.git",
                "reference": "feb0b827b255db2cc8572fc88449dc5416e37cd1"
            },
            "dist": {
                "type": "zip",
                "url": "https://api.github.com/repos/PhoxPHP/Translation/zipball/feb0b827b255db2cc8572fc88449dc5416e37cd1",
                "reference": "feb0b827b255db2cc8572fc88449dc5416e37cd1",
                "shasum": ""
            },
            "require": {
                "php": ">=7.0.6"
            },
            "type": "project",
            "autoload": {
                "psr-4": {
                    "Kit\\Translation\\": "src"
                }
            },
            "notification-url": "https://packagist.org/downloads/",
            "description": "PhoxPHP Translation Component",
            "keywords": [
                "PHP7",
                "php",
                "translation"
            ],
            "time": "2017-12-30 01:12:14"
        },
        {
            "name": "phoxphp/view",
            "version": "dev-develop",
            "source": {
                "type": "git",
                "url": "https://github.com/PhoxPHP/View.git",
                "reference": "06dd1ee8ac437b707b3e03175630f23948e02b94"
            },
            "dist": {
                "type": "zip",
                "url": "https://api.github.com/repos/PhoxPHP/View/zipball/06dd1ee8ac437b707b3e03175630f23948e02b94",
                "reference": "06dd1ee8ac437b707b3e03175630f23948e02b94",
                "shasum": ""
            },
            "require": {
                "php": ">=7.0.6"
            },
            "type": "project",
            "autoload": {
                "psr-4": {
                    "Kit\\View\\": "src"
                }
            },
            "notification-url": "https://packagist.org/downloads/",
            "description": "PhoxPHP View Component",
            "keywords": [
                "PHP7",
                "php",
                "view"
            ],
            "time": "2018-01-05 20:15:28"
        }
    ],
    "packages-dev": [],
    "aliases": [],
    "minimum-stability": "dev",
    "stability-flags": {
        "phoxphp/glider": 20,
        "phoxphp/http": 20,
        "phoxphp/translation": 20,
        "phoxphp/view": 20,
        "phoxphp/dependency-injection": 20,
        "phoxphp/log": 20
    },
    "prefer-stable": true,
    "prefer-lowest": false,
    "platform": {
        "php": ">=7.0.1"
    },
    "platform-dev": []
}
