{
    "_readme": [
        "This file locks the dependencies of your project to a known state",
        "Read more about it at https://getcomposer.org/doc/01-basic-usage.md#composer-lock-the-lock-file",
        "This file is @generated automatically"
    ],
    "content-hash": "bb43f999d9996d1059be430445c1b037",
    "packages": [
        {
            "name": "phoxphp/glider",
            "version": "dev-develop",
            "source": {
                "type": "git",
                "url": "https://github.com/PhoxPHP/Glider.git",
                "reference": "d2511ce45a1e1aa43baec026ab482bdaf597194b"
            },
            "dist": {
                "type": "zip",
                "url": "https://api.github.com/repos/PhoxPHP/Glider/zipball/d2511ce45a1e1aa43baec026ab482bdaf597194b",
                "reference": "d2511ce45a1e1aa43baec026ab482bdaf597194b",
                "shasum": ""
            },
            "require": {
                "php": ">=7.0.6"
            },
            "type": "project",
            "autoload": {
                "psr-4": {
                    "Glider\\": "src"
                }
            },
            "notification-url": "https://packagist.org/downloads/",
            "description": "Glider",
            "keywords": [
                "PHP7",
                "database",
                "php"
            ],
            "time": "2017-12-29 08:05:34"
        }
    ],
    "packages-dev": [],
    "aliases": [],
    "minimum-stability": "stable",
    "stability-flags": {
        "phoxphp/glider": 20
    },
    "prefer-stable": false,
    "prefer-lowest": false,
    "platform": {
        "php": ">=7.0.1"
    },
    "platform-dev": []
}
